
Microsoft Visual Studio Solution File, Format Version 12.00
# Visual Studio Version 17
VisualStudioVersion = 17.8.34309.116
MinimumVisualStudioVersion = 10.0.40219.1
Project("{9A19103F-16F7-4668-BE54-9A1E7A4F7556}") = "GreenThumb", "GreenThumb.csproj", "{6A1421D0-5ADD-480F-A0DC-4277EF38F7CB}"
EndProject
Global
	GlobalSection(SolutionConfigurationPlatforms) = preSolution
		Debug|Any CPU = Debug|Any CPU
		Release|Any CPU = Release|Any CPU
	EndGlobalSection
	GlobalSection(ProjectConfigurationPlatforms) = postSolution
		{6A1421D0-5ADD-480F-A0DC-4277EF38F7CB}.Debug|Any CPU.ActiveCfg = Debug|Any CPU
		{6A1421D0-5ADD-480F-A0DC-4277EF38F7CB}.Debug|Any CPU.Build.0 = Debug|Any CPU
		{6A1421D0-5ADD-480F-A0DC-4277EF38F7CB}.Release|Any CPU.ActiveCfg = Release|Any CPU
		{6A1421D0-5ADD-480F-A0DC-4277EF38F7CB}.Release|Any CPU.Build.0 = Release|Any CPU
	EndGlobalSection
	GlobalSection(SolutionProperties) = preSolution
		HideSolutionNode = FALSE
	EndGlobalSection
	GlobalSection(ExtensibilityGlobals) = postSolution
		SolutionGuid = {A2B78F04-81AC-438B-87E4-9398C62A7D38}
	EndGlobalSection
EndGlobal
